
Microsoft Visual Studio Solution File, Format Version 12.00
# Visual Studio Version 17
VisualStudioVersion = 17.13.35825.156 d17.13
MinimumVisualStudioVersion = 10.0.40219.1
Project("{FAE04EC0-301F-11D3-BF4B-00C04F79EFBC}") = "S3ApiDemo", "S3ApiDemo.csproj", "{7B86B242-CC0B-4FDE-A164-7DC01FCBC3DF}"
EndProject
Global
	GlobalSection(SolutionConfigurationPlatforms) = preSolution
		Debug|Any CPU = Debug|Any CPU
		Release|Any CPU = Release|Any CPU
	EndGlobalSection
	GlobalSection(ProjectConfigurationPlatforms) = postSolution
		{7B86B242-CC0B-4FDE-A164-7DC01FCBC3DF}.Debug|Any CPU.ActiveCfg = Debug|Any CPU
		{7B86B242-CC0B-4FDE-A164-7DC01FCBC3DF}.Debug|Any CPU.Build.0 = Debug|Any CPU
		{7B86B242-CC0B-4FDE-A164-7DC01FCBC3DF}.Release|Any CPU.ActiveCfg = Release|Any CPU
		{7B86B242-CC0B-4FDE-A164-7DC01FCBC3DF}.Release|Any CPU.Build.0 = Release|Any CPU
	EndGlobalSection
	GlobalSection(SolutionProperties) = preSolution
		HideSolutionNode = FALSE
	EndGlobalSection
	GlobalSection(ExtensibilityGlobals) = postSolution
		SolutionGuid = {3B7870F3-7FEE-4539-8AB5-DE6C24FF355B}
	EndGlobalSection
EndGlobal
